
Microsoft Visual Studio Solution File, Format Version 12.00
# Visual Studio Version 17
VisualStudioVersion = 17.8.34525.116
MinimumVisualStudioVersion = 10.0.40219.1
Project("{FAE04EC0-301F-11D3-BF4B-00C04F79EFBC}") = "ApiVersioning", "ApiVersioning\ApiVersioning.csproj", "{69767DF8-F43B-4B2A-AF8B-E3DAD617BEE8}"
EndProject
Global
	GlobalSection(SolutionConfigurationPlatforms) = preSolution
		Debug|Any CPU = Debug|Any CPU
		Release|Any CPU = Release|Any CPU
	EndGlobalSection
	GlobalSection(ProjectConfigurationPlatforms) = postSolution
		{69767DF8-F43B-4B2A-AF8B-E3DAD617BEE8}.Debug|Any CPU.ActiveCfg = Debug|Any CPU
		{69767DF8-F43B-4B2A-AF8B-E3DAD617BEE8}.Debug|Any CPU.Build.0 = Debug|Any CPU
		{69767DF8-F43B-4B2A-AF8B-E3DAD617BEE8}.Release|Any CPU.ActiveCfg = Release|Any CPU
		{69767DF8-F43B-4B2A-AF8B-E3DAD617BEE8}.Release|Any CPU.Build.0 = Release|Any CPU
	EndGlobalSection
	GlobalSection(SolutionProperties) = preSolution
		HideSolutionNode = FALSE
	EndGlobalSection
	GlobalSection(ExtensibilityGlobals) = postSolution
		SolutionGuid = {D6603661-F545-4F63-80D7-FFBE2466130A}
	EndGlobalSection
EndGlobal
